Microsoft Visual Studio Solution File, Format Version 12.00
# Visual Studio Version 17
VisualStudioVersion = 17.5.2.0
MinimumVisualStudioVersion = 10.0.40219.1
Project("{FAE04EC0-301F-11D3-BF4B-00C04F79EFBC}") = "GenericCollection", "GenericCollection.csproj", "{7669632B-0EB8-6B7B-51DF-AA4D763E9D27}"
EndProject
Global
	GlobalSection(SolutionConfigurationPlatforms) = preSolution
		Debug|Any CPU = Debug|Any CPU
		Release|Any CPU = Release|Any CPU
	EndGlobalSection
	GlobalSection(ProjectConfigurationPlatforms) = postSolution
		{7669632B-0EB8-6B7B-51DF-AA4D763E9D27}.Debug|Any CPU.ActiveCfg = Debug|Any CPU
		{7669632B-0EB8-6B7B-51DF-AA4D763E9D27}.Debug|Any CPU.Build.0 = Debug|Any CPU
		{7669632B-0EB8-6B7B-51DF-AA4D763E9D27}.Release|Any CPU.ActiveCfg = Release|Any CPU
		{7669632B-0EB8-6B7B-51DF-AA4D763E9D27}.Release|Any CPU.Build.0 = Release|Any CPU
	EndGlobalSection
	GlobalSection(SolutionProperties) = preSolution
		HideSolutionNode = FALSE
	EndGlobalSection
	GlobalSection(ExtensibilityGlobals) = postSolution
		SolutionGuid = {55C4BA31-361F-441A-A45A-123F5AE3F8CF}
	EndGlobalSection
EndGlobal
